
Microsoft Visual Studio Solution File, Format Version 12.00
# Visual Studio Version 17
VisualStudioVersion = 17.8.34322.80
MinimumVisualStudioVersion = 10.0.40219.1
Project("{FAE04EC0-301F-11D3-BF4B-00C04F79EFBC}") = "DataStructuresFinalPierce", "DataStructuresFinalPierce.csproj", "{C4E6ADDE-E489-438A-888E-54E98B5E8767}"
EndProject
Global
	GlobalSection(SolutionConfigurationPlatforms) = preSolution
		Debug|Any CPU = Debug|Any CPU
		Release|Any CPU = Release|Any CPU
	EndGlobalSection
	GlobalSection(ProjectConfigurationPlatforms) = postSolution
		{C4E6ADDE-E489-438A-888E-54E98B5E8767}.Debug|Any CPU.ActiveCfg = Debug|Any CPU
		{C4E6ADDE-E489-438A-888E-54E98B5E8767}.Debug|Any CPU.Build.0 = Debug|Any CPU
		{C4E6ADDE-E489-438A-888E-54E98B5E8767}.Release|Any CPU.ActiveCfg = Release|Any CPU
		{C4E6ADDE-E489-438A-888E-54E98B5E8767}.Release|Any CPU.Build.0 = Release|Any CPU
	EndGlobalSection
	GlobalSection(SolutionProperties) = preSolution
		HideSolutionNode = FALSE
	EndGlobalSection
	GlobalSection(ExtensibilityGlobals) = postSolution
		SolutionGuid = {C9FBBE31-AC5E-4397-8717-EEA93ED5B581}
	EndGlobalSection
EndGlobal
